{
  "object": {
    "pins": [
      {
        "package": "EarleyLocalLexing",
        "repositoryURL": "https://github.com/phlegmaticprogrammer/EarleyLocalLexing",
        "state": {
          "branch": null,
          "revision": "d2da99128cdb1179a83b27851a632bffc7063a43",
          "version": "0.4.0"
        }
      },
      {
        "package": "FirstOrderDeepEmbedding",
        "repositoryURL": "https://github.com/phlegmaticprogrammer/FirstOrderDeepEmbedding",
        "state": {
          "branch": null,
          "revision": "21178d4984bf965a9b0084d6822ea5d355ff66bb",
          "version": "0.5.0"
        }
      }
    ]
  },
  "version": 1
}
