{
  "object": {
    "pins": [
      {
        "package": "DynamicCodable",
        "repositoryURL": "https://github.com/phlegmaticprogrammer/DynamicCodable",
        "state": {
          "branch": null,
          "revision": "e171c7596223a43b0e0f1d876feb00659a691ae6",
          "version": "0.0.3"
        }
      },
      {
        "package": "EarleyLocalLexing",
        "repositoryURL": "https://github.com/phlegmaticprogrammer/EarleyLocalLexing",
        "state": {
          "branch": null,
          "revision": "10ea39cd8dc051b2cd1de0d8fde36740facd3ebc",
          "version": "0.6.9"
        }
      },
      {
        "package": "FirstOrderDeepEmbedding",
        "repositoryURL": "https://github.com/phlegmaticprogrammer/FirstOrderDeepEmbedding",
        "state": {
          "branch": null,
          "revision": "cff8800025fc76e6e5069eae2b4f7452b69fc7e6",
          "version": "0.6.1"
        }
      }
    ]
  },
  "version": 1
}
