{
  "object": {
    "pins": [
      {
        "package": "EarleyLocalLexing",
        "repositoryURL": "https://github.com/phlegmaticprogrammer/EarleyLocalLexing",
        "state": {
          "branch": null,
          "revision": "679cc39e5cf5d3df4bc28d39e61d8fbcbb26391f",
          "version": "0.6.4"
        }
      },
      {
        "package": "FirstOrderDeepEmbedding",
        "repositoryURL": "https://github.com/phlegmaticprogrammer/FirstOrderDeepEmbedding",
        "state": {
          "branch": null,
          "revision": "c9cad20388b789758ddee36f18d88ce5c63c1dc7",
          "version": "0.6.0"
        }
      }
    ]
  },
  "version": 1
}
